// !$*UTF8*$!
{
	archiveVersion = 1;
	classes = {
	};
	objectVersion = 46;
	objects = {

/* Begin PBXBuildFile section */
		19E466EE712F77175523C79E /* Pods_Pix.framework in Frameworks */ = {isa = PBXBuildFile; fileRef = 6F2E2AED695C23906B91EBD7 /* Pods_Pix.framework */; };
		5A0AEE2A1DF337820075CA35 /* DetailPostView.swift in Sources */ = {isa = PBXBuildFile; fileRef = 5A0AEE291DF337820075CA35 /* DetailPostView.swift */; };
		5A12DFE81DDC9D0900660075 /* friends_icon.png in Resources */ = {isa = PBXBuildFile; fileRef = 5A12DFE71DDC9D0900660075 /* friends_icon.png */; };
		5A12DFF41DDCD29D00660075 /* BlankImage.png in Resources */ = {isa = PBXBuildFile; fileRef = 5A12DFF31DDCD29D00660075 /* BlankImage.png */; };
		5A12DFF71DDCE94E00660075 /* LandingViewController.swift in Sources */ = {isa = PBXBuildFile; fileRef = 5A12DFF61DDCE94E00660075 /* LandingViewController.swift */; };
		5A159E181DEBF2B800C5B9A6 /* UploadPhotoViewController.swift in Sources */ = {isa = PBXBuildFile; fileRef = 5A159E171DEBF2B800C5B9A6 /* UploadPhotoViewController.swift */; };
		5A25ADD51DEB483500301468 /* DZNEmptyDataSet.framework in Frameworks */ = {isa = PBXBuildFile; fileRef = 5A25ADD41DEB483500301468 /* DZNEmptyDataSet.framework */; };
		5A572AE81DDB940F000D2527 /* PostCell.swift in Sources */ = {isa = PBXBuildFile; fileRef = 5A572AE71DDB940F000D2527 /* PostCell.swift */; };
		5A6229CB1DE5720A002510AA /* Spring.framework in Frameworks */ = {isa = PBXBuildFile; fileRef = 5A6229CA1DE5720A002510AA /* Spring.framework */; };
		5A6229CD1DE5720D002510AA /* ChameleonFramework.framework in Frameworks */ = {isa = PBXBuildFile; fileRef = 5A6229CC1DE5720D002510AA /* ChameleonFramework.framework */; };
		5A756DCA1DE5E802003FD2C0 /* GoogleService-Info.plist in Resources */ = {isa = PBXBuildFile; fileRef = 5A756DC91DE5E802003FD2C0 /* GoogleService-Info.plist */; };
		5A785AA01DE5630600EF5323 /* Neon.framework in Frameworks */ = {isa = PBXBuildFile; fileRef = 5AAB2DB61DE5628C0007A726 /* Neon.framework */; };
		5A8B55CA1DF5E8B20014769B /* ExploreViewController.swift in Sources */ = {isa = PBXBuildFile; fileRef = 5A8B55C91DF5E8B20014769B /* ExploreViewController.swift */; };
		5AEEEC651DE90B3E00D8BAC4 /* ProfileViewController.swift in Sources */ = {isa = PBXBuildFile; fileRef = 5AEEEC641DE90B3E00D8BAC4 /* ProfileViewController.swift */; };
		5AF484BE1DE56D7F00EF503E /* Utilities.swift in Sources */ = {isa = PBXBuildFile; fileRef = 5AF484BD1DE56D7F00EF503E /* Utilities.swift */; };
		5AFF27511DDB60F4001CBF95 /* AppDelegate.swift in Sources */ = {isa = PBXBuildFile; fileRef = 5AFF27501DDB60F4001CBF95 /* AppDelegate.swift */; };
		5AFF27581DDB60F4001CBF95 /* Assets.xcassets in Resources */ = {isa = PBXBuildFile; fileRef = 5AFF27571DDB60F4001CBF95 /* Assets.xcassets */; };
		5AFF275B1DDB60F4001CBF95 /* LaunchScreen.storyboard in Resources */ = {isa = PBXBuildFile; fileRef = 5AFF27591DDB60F4001CBF95 /* LaunchScreen.storyboard */; };
		5AFF27661DDB66C2001CBF95 /* HFCollectionViewController.swift in Sources */ = {isa = PBXBuildFile; fileRef = 5AFF27651DDB66C2001CBF95 /* HFCollectionViewController.swift */; };
		5AFF27691DDB67C1001CBF95 /* Post.swift in Sources */ = {isa = PBXBuildFile; fileRef = 5AFF27681DDB67C1001CBF95 /* Post.swift */; };
		5AFF276C1DDB69AB001CBF95 /* User.swift in Sources */ = {isa = PBXBuildFile; fileRef = 5AFF276B1DDB69AB001CBF95 /* User.swift */; };
		5AFF276F1DDB6FF7001CBF95 /* Ext.swift in Sources */ = {isa = PBXBuildFile; fileRef = 5AFF276E1DDB6FF7001CBF95 /* Ext.swift */; };
		5AFFA0A91DF2671200FD63F6 /* ProfilePostCell.swift in Sources */ = {isa = PBXBuildFile; fileRef = 5AFFA0A81DF2671200FD63F6 /* ProfilePostCell.swift */; };
/* End PBXBuildFile section */

/* Begin PBXFileReference section */
		563268E86F8F81BF23A9236C /* Pods-Pix.release.xcconfig */ = {isa = PBXFileReference; includeInIndex = 1; lastKnownFileType = text.xcconfig; name = "Pods-Pix.release.xcconfig"; path = "Pods/Target Support Files/Pods-Pix/Pods-Pix.release.xcconfig"; sourceTree = "<group>"; };
		5A0AEE291DF337820075CA35 /* DetailPostView.swift */ = {isa = PBXFileReference; fileEncoding = 4; lastKnownFileType = sourcecode.swift; path = DetailPostView.swift; sourceTree = "<group>"; };
		5A12DFE71DDC9D0900660075 /* friends_icon.png */ = {isa = PBXFileReference; lastKnownFileType = image.png; path = friends_icon.png; sourceTree = "<group>"; };
		5A12DFF31DDCD29D00660075 /* BlankImage.png */ = {isa = PBXFileReference; lastKnownFileType = image.png; name = BlankImage.png; path = Pix/BlankImage.png; sourceTree = SOURCE_ROOT; };
		5A12DFF61DDCE94E00660075 /* LandingViewController.swift */ = {isa = PBXFileReference; fileEncoding = 4; lastKnownFileType = sourcecode.swift; path = LandingViewController.swift; sourceTree = "<group>"; };
		5A159E171DEBF2B800C5B9A6 /* UploadPhotoViewController.swift */ = {isa = PBXFileReference; fileEncoding = 4; lastKnownFileType = sourcecode.swift; path = UploadPhotoViewController.swift; sourceTree = "<group>"; };
		5A25ADD41DEB483500301468 /* DZNEmptyDataSet.framework */ = {isa = PBXFileReference; lastKnownFileType = wrapper.framework; name = DZNEmptyDataSet.framework; path = "../../../../Library/Developer/Xcode/DerivedData/Pix-ctukwtofcongdnezqcfllkcuomcc/Build/Products/Debug-iphoneos/DZNEmptyDataSet/DZNEmptyDataSet.framework"; sourceTree = "<group>"; };
		5A572AE71DDB940F000D2527 /* PostCell.swift */ = {isa = PBXFileReference; fileEncoding = 4; lastKnownFileType = sourcecode.swift; path = PostCell.swift; sourceTree = "<group>"; };
		5A6229CA1DE5720A002510AA /* Spring.framework */ = {isa = PBXFileReference; lastKnownFileType = wrapper.framework; name = Spring.framework; path = "../../../../Library/Developer/Xcode/DerivedData/Pix-ctukwtofcongdnezqcfllkcuomcc/Build/Products/Debug-iphonesimulator/Spring/Spring.framework"; sourceTree = "<group>"; };
		5A6229CC1DE5720D002510AA /* ChameleonFramework.framework */ = {isa = PBXFileReference; lastKnownFileType = wrapper.framework; name = ChameleonFramework.framework; path = "../../../../Library/Developer/Xcode/DerivedData/Pix-ctukwtofcongdnezqcfllkcuomcc/Build/Products/Debug-iphonesimulator/ChameleonFramework/ChameleonFramework.framework"; sourceTree = "<group>"; };
		5A756DC91DE5E802003FD2C0 /* GoogleService-Info.plist */ = {isa = PBXFileReference; fileEncoding = 4; lastKnownFileType = text.plist.xml; path = "GoogleService-Info.plist"; sourceTree = "<group>"; };
		5A8B55C91DF5E8B20014769B /* ExploreViewController.swift */ = {isa = PBXFileReference; fileEncoding = 4; lastKnownFileType = sourcecode.swift; path = ExploreViewController.swift; sourceTree = "<group>"; };
		5AAB2DB61DE5628C0007A726 /* Neon.framework */ = {isa = PBXFileReference; lastKnownFileType = wrapper.framework; name = Neon.framework; path = "../../../../Library/Developer/Xcode/DerivedData/Pix-ctukwtofcongdnezqcfllkcuomcc/Build/Products/Debug-iphonesimulator/Neon/Neon.framework"; sourceTree = "<group>"; };
		5AEEEC641DE90B3E00D8BAC4 /* ProfileViewController.swift */ = {isa = PBXFileReference; fileEncoding = 4; lastKnownFileType = sourcecode.swift; path = ProfileViewController.swift; sourceTree = "<group>"; };
		5AF484BD1DE56D7F00EF503E /* Utilities.swift */ = {isa = PBXFileReference; fileEncoding = 4; lastKnownFileType = sourcecode.swift; path = Utilities.swift; sourceTree = "<group>"; };
		5AFF274D1DDB60F4001CBF95 /* Pix.app */ = {isa = PBXFileReference; explicitFileType = wrapper.application; includeInIndex = 0; path = Pix.app; sourceTree = BUILT_PRODUCTS_DIR; };
		5AFF27501DDB60F4001CBF95 /* AppDelegate.swift */ = {isa = PBXFileReference; lastKnownFileType = sourcecode.swift; path = AppDelegate.swift; sourceTree = "<group>"; };
		5AFF27571DDB60F4001CBF95 /* Assets.xcassets */ = {isa = PBXFileReference; lastKnownFileType = folder.assetcatalog; path = Assets.xcassets; sourceTree = "<group>"; };
		5AFF275A1DDB60F4001CBF95 /* Base */ = {isa = PBXFileReference; lastKnownFileType = file.storyboard; name = Base; path = Base.lproj/LaunchScreen.storyboard; sourceTree = "<group>"; };
		5AFF275C1DDB60F4001CBF95 /* Info.plist */ = {isa = PBXFileReference; lastKnownFileType = text.plist.xml; path = Info.plist; sourceTree = "<group>"; };
		5AFF27651DDB66C2001CBF95 /* HFCollectionViewController.swift */ = {isa = PBXFileReference; fileEncoding = 4; lastKnownFileType = sourcecode.swift; path = HFCollectionViewController.swift; sourceTree = "<group>"; };
		5AFF27681DDB67C1001CBF95 /* Post.swift */ = {isa = PBXFileReference; fileEncoding = 4; lastKnownFileType = sourcecode.swift; path = Post.swift; sourceTree = "<group>"; };
		5AFF276B1DDB69AB001CBF95 /* User.swift */ = {isa = PBXFileReference; fileEncoding = 4; lastKnownFileType = sourcecode.swift; path = User.swift; sourceTree = "<group>"; };
		5AFF276E1DDB6FF7001CBF95 /* Ext.swift */ = {isa = PBXFileReference; fileEncoding = 4; lastKnownFileType = sourcecode.swift; path = Ext.swift; sourceTree = "<group>"; };
		5AFFA0A81DF2671200FD63F6 /* ProfilePostCell.swift */ = {isa = PBXFileReference; fileEncoding = 4; lastKnownFileType = sourcecode.swift; path = ProfilePostCell.swift; sourceTree = "<group>"; };
		6F2E2AED695C23906B91EBD7 /* Pods_Pix.framework */ = {isa = PBXFileReference; explicitFileType = wrapper.framework; includeInIndex = 0; path = Pods_Pix.framework; sourceTree = BUILT_PRODUCTS_DIR; };
		FDB360F8138C0890D86A77EE /* Pods-Pix.debug.xcconfig */ = {isa = PBXFileReference; includeInIndex = 1; lastKnownFileType = text.xcconfig; name = "Pods-Pix.debug.xcconfig"; path = "Pods/Target Support Files/Pods-Pix/Pods-Pix.debug.xcconfig"; sourceTree = "<group>"; };
/* End PBXFileReference section */

/* Begin PBXFrameworksBuildPhase section */
		5AFF274A1DDB60F4001CBF95 /* Frameworks */ = {
			isa = PBXFrameworksBuildPhase;
			buildActionMask = 2147483647;
			files = (
				5A25ADD51DEB483500301468 /* DZNEmptyDataSet.framework in Frameworks */,
				5A6229CD1DE5720D002510AA /* ChameleonFramework.framework in Frameworks */,
				5A6229CB1DE5720A002510AA /* Spring.framework in Frameworks */,
				5A785AA01DE5630600EF5323 /* Neon.framework in Frameworks */,
				19E466EE712F77175523C79E /* Pods_Pix.framework in Frameworks */,
			);
			runOnlyForDeploymentPostprocessing = 0;
		};
/* End PBXFrameworksBuildPhase section */

/* Begin PBXGroup section */
		3913120E1B5200134427A0AB /* Frameworks */ = {
			isa = PBXGroup;
			children = (
				5A25ADD41DEB483500301468 /* DZNEmptyDataSet.framework */,
				5A6229CC1DE5720D002510AA /* ChameleonFramework.framework */,
				5A6229CA1DE5720A002510AA /* Spring.framework */,
				5AAB2DB61DE5628C0007A726 /* Neon.framework */,
				6F2E2AED695C23906B91EBD7 /* Pods_Pix.framework */,
			);
			name = Frameworks;
			sourceTree = "<group>";
		};
		5A12DFE61DDC9CE600660075 /* Images */ = {
			isa = PBXGroup;
			children = (
				5A12DFF31DDCD29D00660075 /* BlankImage.png */,
				5A12DFE71DDC9D0900660075 /* friends_icon.png */,
			);
			name = Images;
			path = Pix;
			sourceTree = "<group>";
		};
		5A12DFF51DDCE8EB00660075 /* LoginSignUpDirectory */ = {
			isa = PBXGroup;
			children = (
				5A12DFF61DDCE94E00660075 /* LandingViewController.swift */,
			);
			name = LoginSignUpDirectory;
			sourceTree = "<group>";
		};
		5A8B55C81DF5E8980014769B /* ExploreDirectory */ = {
			isa = PBXGroup;
			children = (
				5A8B55C91DF5E8B20014769B /* ExploreViewController.swift */,
			);
			name = ExploreDirectory;
			sourceTree = "<group>";
		};
		5AF484BC1DE56D6E00EF503E /* Utilities */ = {
			isa = PBXGroup;
			children = (
				5AF484BD1DE56D7F00EF503E /* Utilities.swift */,
			);
			name = Utilities;
			sourceTree = "<group>";
		};
		5AFF27441DDB60F4001CBF95 = {
			isa = PBXGroup;
			children = (
				5AFF274F1DDB60F4001CBF95 /* Pix */,
				5AFF274E1DDB60F4001CBF95 /* Products */,
				5A12DFE61DDC9CE600660075 /* Images */,
				3913120E1B5200134427A0AB /* Frameworks */,
				E631862B242243F9FF3CD118 /* Pods */,
			);
			sourceTree = "<group>";
		};
		5AFF274E1DDB60F4001CBF95 /* Products */ = {
			isa = PBXGroup;
			children = (
				5AFF274D1DDB60F4001CBF95 /* Pix.app */,
			);
			name = Products;
			sourceTree = "<group>";
		};
		5AFF274F1DDB60F4001CBF95 /* Pix */ = {
			isa = PBXGroup;
			children = (
				5AFF27501DDB60F4001CBF95 /* AppDelegate.swift */,
				5AFF276D1DDB6FE6001CBF95 /* Extensions */,
				5AFF276A1DDB6925001CBF95 /* UsersDirectory */,
				5AFF27641DDB667D001CBF95 /* HomeDirectory */,
				5A8B55C81DF5E8980014769B /* ExploreDirectory */,
				5AFF27671DDB67B1001CBF95 /* PostsDirectory */,
				5A12DFF51DDCE8EB00660075 /* LoginSignUpDirectory */,
				5AF484BC1DE56D6E00EF503E /* Utilities */,
				5AFF27571DDB60F4001CBF95 /* Assets.xcassets */,
				5AFF27591DDB60F4001CBF95 /* LaunchScreen.storyboard */,
				5AFF275C1DDB60F4001CBF95 /* Info.plist */,
				5A756DC91DE5E802003FD2C0 /* GoogleService-Info.plist */,
			);
			path = Pix;
			sourceTree = "<group>";
		};
		5AFF27641DDB667D001CBF95 /* HomeDirectory */ = {
			isa = PBXGroup;
			children = (
				5AFF27651DDB66C2001CBF95 /* HFCollectionViewController.swift */,
			);
			name = HomeDirectory;
			sourceTree = "<group>";
		};
		5AFF27671DDB67B1001CBF95 /* PostsDirectory */ = {
			isa = PBXGroup;
			children = (
				5AFF27681DDB67C1001CBF95 /* Post.swift */,
				5A572AE71DDB940F000D2527 /* PostCell.swift */,
				5A159E171DEBF2B800C5B9A6 /* UploadPhotoViewController.swift */,
				5AFFA0A81DF2671200FD63F6 /* ProfilePostCell.swift */,
				5A0AEE291DF337820075CA35 /* DetailPostView.swift */,
			);
			name = PostsDirectory;
			sourceTree = "<group>";
		};
		5AFF276A1DDB6925001CBF95 /* UsersDirectory */ = {
			isa = PBXGroup;
			children = (
				5AFF276B1DDB69AB001CBF95 /* User.swift */,
				5AEEEC641DE90B3E00D8BAC4 /* ProfileViewController.swift */,
			);
			name = UsersDirectory;
			sourceTree = "<group>";
		};
		5AFF276D1DDB6FE6001CBF95 /* Extensions */ = {
			isa = PBXGroup;
			children = (
				5AFF276E1DDB6FF7001CBF95 /* Ext.swift */,
			);
			name = Extensions;
			sourceTree = "<group>";
		};
		E631862B242243F9FF3CD118 /* Pods */ = {
			isa = PBXGroup;
			children = (
				FDB360F8138C0890D86A77EE /* Pods-Pix.debug.xcconfig */,
				563268E86F8F81BF23A9236C /* Pods-Pix.release.xcconfig */,
			);
			name = Pods;
			sourceTree = "<group>";
		};
/* End PBXGroup section */

/* Begin PBXNativeTarget section */
		5AFF274C1DDB60F4001CBF95 /* Pix */ = {
			isa = PBXNativeTarget;
			buildConfigurationList = 5AFF275F1DDB60F4001CBF95 /* Build configuration list for PBXNativeTarget "Pix" */;
			buildPhases = (
				2C5499D72AF05FCC7BA516CA /* [CP] Check Pods Manifest.lock */,
				5AFF27491DDB60F4001CBF95 /* Sources */,
				5AFF274A1DDB60F4001CBF95 /* Frameworks */,
				5AFF274B1DDB60F4001CBF95 /* Resources */,
				02F97B118C3B3B8E3D668622 /* [CP] Embed Pods Frameworks */,
				6C59BCD884125363C102EB28 /* [CP] Copy Pods Resources */,
			);
			buildRules = (
			);
			dependencies = (
			);
			name = Pix;
			productName = Pix;
			productReference = 5AFF274D1DDB60F4001CBF95 /* Pix.app */;
			productType = "com.apple.product-type.application";
		};
/* End PBXNativeTarget section */

/* Begin PBXProject section */
		5AFF27451DDB60F4001CBF95 /* Project object */ = {
			isa = PBXProject;
			attributes = {
				LastSwiftUpdateCheck = 0810;
				LastUpgradeCheck = 0810;
				ORGANIZATIONNAME = "Adeola Uthman";
				TargetAttributes = {
					5AFF274C1DDB60F4001CBF95 = {
						CreatedOnToolsVersion = 8.1;
						DevelopmentTeam = ZNAXL37NHX;
						ProvisioningStyle = Automatic;
					};
				};
			};
			buildConfigurationList = 5AFF27481DDB60F4001CBF95 /* Build configuration list for PBXProject "Pix" */;
			compatibilityVersion = "Xcode 3.2";
			developmentRegion = English;
			hasScannedForEncodings = 0;
			knownRegions = (
				en,
				Base,
			);
			mainGroup = 5AFF27441DDB60F4001CBF95;
			productRefGroup = 5AFF274E1DDB60F4001CBF95 /* Products */;
			projectDirPath = "";
			projectRoot = "";
			targets = (
				5AFF274C1DDB60F4001CBF95 /* Pix */,
			);
		};
/* End PBXProject section */

/* Begin PBXResourcesBuildPhase section */
		5AFF274B1DDB60F4001CBF95 /* Resources */ = {
			isa = PBXResourcesBuildPhase;
			buildActionMask = 2147483647;
			files = (
				5AFF275B1DDB60F4001CBF95 /* LaunchScreen.storyboard in Resources */,
				5A12DFF41DDCD29D00660075 /* BlankImage.png in Resources */,
				5A12DFE81DDC9D0900660075 /* friends_icon.png in Resources */,
				5AFF27581DDB60F4001CBF95 /* Assets.xcassets in Resources */,
				5A756DCA1DE5E802003FD2C0 /* GoogleService-Info.plist in Resources */,
			);
			runOnlyForDeploymentPostprocessing = 0;
		};
/* End PBXResourcesBuildPhase section */

/* Begin PBXShellScriptBuildPhase section */
		02F97B118C3B3B8E3D668622 /* [CP] Embed Pods Frameworks */ = {
			isa = PBXShellScriptBuildPhase;
			buildActionMask = 2147483647;
			files = (
			);
			inputPaths = (
			);
			name = "[CP] Embed Pods Frameworks";
			outputPaths = (
			);
			runOnlyForDeploymentPostprocessing = 0;
			shellPath = /bin/sh;
			shellScript = "\"${SRCROOT}/Pods/Target Support Files/Pods-Pix/Pods-Pix-frameworks.sh\"\n";
			showEnvVarsInLog = 0;
		};
		2C5499D72AF05FCC7BA516CA /* [CP] Check Pods Manifest.lock */ = {
			isa = PBXShellScriptBuildPhase;
			buildActionMask = 2147483647;
			files = (
			);
			inputPaths = (
			);
			name = "[CP] Check Pods Manifest.lock";
			outputPaths = (
			);
			runOnlyForDeploymentPostprocessing = 0;
			shellPath = /bin/sh;
			shellScript = "diff \"${PODS_ROOT}/../Podfile.lock\" \"${PODS_ROOT}/Manifest.lock\" > /dev/null\nif [ $? != 0 ] ; then\n    # print error to STDERR\n    echo \"error: The sandbox is not in sync with the Podfile.lock. Run 'pod install' or update your CocoaPods installation.\" >&2\n    exit 1\nfi\n";
			showEnvVarsInLog = 0;
		};
		6C59BCD884125363C102EB28 /* [CP] Copy Pods Resources */ = {
			isa = PBXShellScriptBuildPhase;
			buildActionMask = 2147483647;
			files = (
			);
			inputPaths = (
			);
			name = "[CP] Copy Pods Resources";
			outputPaths = (
			);
			runOnlyForDeploymentPostprocessing = 0;
			shellPath = /bin/sh;
			shellScript = "\"${SRCROOT}/Pods/Target Support Files/Pods-Pix/Pods-Pix-resources.sh\"\n";
			showEnvVarsInLog = 0;
		};
/* End PBXShellScriptBuildPhase section */

/* Begin PBXSourcesBuildPhase section */
		5AFF27491DDB60F4001CBF95 /* Sources */ = {
			isa = PBXSourcesBuildPhase;
			buildActionMask = 2147483647;
			files = (
				5A572AE81DDB940F000D2527 /* PostCell.swift in Sources */,
				5AFF276F1DDB6FF7001CBF95 /* Ext.swift in Sources */,
				5AEEEC651DE90B3E00D8BAC4 /* ProfileViewController.swift in Sources */,
				5AFF27661DDB66C2001CBF95 /* HFCollectionViewController.swift in Sources */,
				5AFFA0A91DF2671200FD63F6 /* ProfilePostCell.swift in Sources */,
				5A159E181DEBF2B800C5B9A6 /* UploadPhotoViewController.swift in Sources */,
				5AFF27511DDB60F4001CBF95 /* AppDelegate.swift in Sources */,
				5AFF276C1DDB69AB001CBF95 /* User.swift in Sources */,
				5AF484BE1DE56D7F00EF503E /* Utilities.swift in Sources */,
				5A12DFF71DDCE94E00660075 /* LandingViewController.swift in Sources */,
				5A8B55CA1DF5E8B20014769B /* ExploreViewController.swift in Sources */,
				5AFF27691DDB67C1001CBF95 /* Post.swift in Sources */,
				5A0AEE2A1DF337820075CA35 /* DetailPostView.swift in Sources */,
			);
			runOnlyForDeploymentPostprocessing = 0;
		};
/* End PBXSourcesBuildPhase section */

/* Begin PBXVariantGroup section */
		5AFF27591DDB60F4001CBF95 /* LaunchScreen.storyboard */ = {
			isa = PBXVariantGroup;
			children = (
				5AFF275A1DDB60F4001CBF95 /* Base */,
			);
			name = LaunchScreen.storyboard;
			sourceTree = "<group>";
		};
/* End PBXVariantGroup section */

/* Begin XCBuildConfiguration section */
		5AFF275D1DDB60F4001CBF95 /* Debug */ = {
			isa = XCBuildConfiguration;
			buildSettings = {
				ALWAYS_SEARCH_USER_PATHS = NO;
				CLANG_ANALYZER_NONNULL = YES;
				CLANG_CXX_LANGUAGE_STANDARD = "gnu++0x";
				CLANG_CXX_LIBRARY = "libc++";
				CLANG_ENABLE_MODULES = YES;
				CLANG_ENABLE_OBJC_ARC = YES;
				CLANG_WARN_BOOL_CONVERSION = YES;
				CLANG_WARN_CONSTANT_CONVERSION = YES;
				CLANG_WARN_DIRECT_OBJC_ISA_USAGE = YES_ERROR;
				CLANG_WARN_DOCUMENTATION_COMMENTS = YES;
				CLANG_WARN_EMPTY_BODY = YES;
				CLANG_WARN_ENUM_CONVERSION = YES;
				CLANG_WARN_INFINITE_RECURSION = YES;
				CLANG_WARN_INT_CONVERSION = YES;
				CLANG_WARN_OBJC_ROOT_CLASS = YES_ERROR;
				CLANG_WARN_SUSPICIOUS_MOVE = YES;
				CLANG_WARN_SUSPICIOUS_MOVES = YES;
				CLANG_WARN_UNREACHABLE_CODE = YES;
				CLANG_WARN__DUPLICATE_METHOD_MATCH = YES;
				"CODE_SIGN_IDENTITY[sdk=iphoneos*]" = "iPhone Developer";
				COPY_PHASE_STRIP = NO;
				DEBUG_INFORMATION_FORMAT = dwarf;
				ENABLE_STRICT_OBJC_MSGSEND = YES;
				ENABLE_TESTABILITY = YES;
				GCC_C_LANGUAGE_STANDARD = gnu99;
				GCC_DYNAMIC_NO_PIC = NO;
				GCC_NO_COMMON_BLOCKS = YES;
				GCC_OPTIMIZATION_LEVEL = 0;
				GCC_PREPROCESSOR_DEFINITIONS = (
					"DEBUG=1",
					"$(inherited)",
				);
				GCC_WARN_64_TO_32_BIT_CONVERSION = YES;
				GCC_WARN_ABOUT_RETURN_TYPE = YES_ERROR;
				GCC_WARN_UNDECLARED_SELECTOR = YES;
				GCC_WARN_UNINITIALIZED_AUTOS = YES_AGGRESSIVE;
				GCC_WARN_UNUSED_FUNCTION = YES;
				GCC_WARN_UNUSED_VARIABLE = YES;
				IPHONEOS_DEPLOYMENT_TARGET = 9.0;
				MTL_ENABLE_DEBUG_INFO = YES;
				ONLY_ACTIVE_ARCH = YES;
				SDKROOT = iphoneos;
				SWIFT_ACTIVE_COMPILATION_CONDITIONS = DEBUG;
				SWIFT_OPTIMIZATION_LEVEL = "-Onone";
				TARGETED_DEVICE_FAMILY = "1,2";
			};
			name = Debug;
		};
		5AFF275E1DDB60F4001CBF95 /* Release */ = {
			isa = XCBuildConfiguration;
			buildSettings = {
				ALWAYS_SEARCH_USER_PATHS = NO;
				CLANG_ANALYZER_NONNULL = YES;
				CLANG_CXX_LANGUAGE_STANDARD = "gnu++0x";
				CLANG_CXX_LIBRARY = "libc++";
				CLANG_ENABLE_MODULES = YES;
				CLANG_ENABLE_OBJC_ARC = YES;
				CLANG_WARN_BOOL_CONVERSION = YES;
				CLANG_WARN_CONSTANT_CONVERSION = YES;
				CLANG_WARN_DIRECT_OBJC_ISA_USAGE = YES_ERROR;
				CLANG_WARN_DOCUMENTATION_COMMENTS = YES;
				CLANG_WARN_EMPTY_BODY = YES;
				CLANG_WARN_ENUM_CONVERSION = YES;
				CLANG_WARN_INFINITE_RECURSION = YES;
				CLANG_WARN_INT_CONVERSION = YES;
				CLANG_WARN_OBJC_ROOT_CLASS = YES_ERROR;
				CLANG_WARN_SUSPICIOUS_MOVE = YES;
				CLANG_WARN_SUSPICIOUS_MOVES = YES;
				CLANG_WARN_UNREACHABLE_CODE = YES;
				CLANG_WARN__DUPLICATE_METHOD_MATCH = YES;
				"CODE_SIGN_IDENTITY[sdk=iphoneos*]" = "iPhone Developer";
				COPY_PHASE_STRIP = NO;
				DEBUG_INFORMATION_FORMAT = "dwarf-with-dsym";
				ENABLE_NS_ASSERTIONS = NO;
				ENABLE_STRICT_OBJC_MSGSEND = YES;
				GCC_C_LANGUAGE_STANDARD = gnu99;
				GCC_NO_COMMON_BLOCKS = YES;
				GCC_WARN_64_TO_32_BIT_CONVERSION = YES;
				GCC_WARN_ABOUT_RETURN_TYPE = YES_ERROR;
				GCC_WARN_UNDECLARED_SELECTOR = YES;
				GCC_WARN_UNINITIALIZED_AUTOS = YES_AGGRESSIVE;
				GCC_WARN_UNUSED_FUNCTION = YES;
				GCC_WARN_UNUSED_VARIABLE = YES;
				IPHONEOS_DEPLOYMENT_TARGET = 9.0;
				MTL_ENABLE_DEBUG_INFO = NO;
				SDKROOT = iphoneos;
				SWIFT_OPTIMIZATION_LEVEL = "-Owholemodule";
				TARGETED_DEVICE_FAMILY = "1,2";
				VALIDATE_PRODUCT = YES;
			};
			name = Release;
		};
		5AFF27601DDB60F4001CBF95 /* Debug */ = {
			isa = XCBuildConfiguration;
			baseConfigurationReference = FDB360F8138C0890D86A77EE /* Pods-Pix.debug.xcconfig */;
			buildSettings = {
				ALWAYS_EMBED_SWIFT_STANDARD_LIBRARIES = YES;
				ASSETCATALOG_COMPILER_APPICON_NAME = AppIcon;
				DEVELOPMENT_TEAM = ZNAXL37NHX;
				FRAMEWORK_SEARCH_PATHS = (
					"$(inherited)",
					"$(PROJECT_DIR)/build/Debug-iphoneos/ChameleonFramework",
					"$(PROJECT_DIR)/build/Debug-iphoneos/Spring",
				);
				INFOPLIST_FILE = Pix/Info.plist;
				IPHONEOS_DEPLOYMENT_TARGET = 9.0;
				LD_RUNPATH_SEARCH_PATHS = "$(inherited) @executable_path/Frameworks";
				PRODUCT_BUNDLE_IDENTIFIER = com.adeolauthman.Pix;
				PRODUCT_NAME = "$(TARGET_NAME)";
				SWIFT_VERSION = 3.0;
			};
			name = Debug;
		};
		5AFF27611DDB60F4001CBF95 /* Release */ = {
			isa = XCBuildConfiguration;
			baseConfigurationReference = 563268E86F8F81BF23A9236C /* Pods-Pix.release.xcconfig */;
			buildSettings = {
				ALWAYS_EMBED_SWIFT_STANDARD_LIBRARIES = YES;
				ASSETCATALOG_COMPILER_APPICON_NAME = AppIcon;
				DEVELOPMENT_TEAM = ZNAXL37NHX;
				FRAMEWORK_SEARCH_PATHS = (
					"$(inherited)",
					"$(PROJECT_DIR)/build/Debug-iphoneos/ChameleonFramework",
					"$(PROJECT_DIR)/build/Debug-iphoneos/Spring",
				);
				INFOPLIST_FILE = Pix/Info.plist;
				IPHONEOS_DEPLOYMENT_TARGET = 9.0;
				LD_RUNPATH_SEARCH_PATHS = "$(inherited) @executable_path/Frameworks";
				PRODUCT_BUNDLE_IDENTIFIER = com.adeolauthman.Pix;
				PRODUCT_NAME = "$(TARGET_NAME)";
				SWIFT_VERSION = 3.0;
			};
			name = Release;
		};
/* End XCBuildConfiguration section */

/* Begin XCConfigurationList section */
		5AFF27481DDB60F4001CBF95 /* Build configuration list for PBXProject "Pix" */ = {
			isa = XCConfigurationList;
			buildConfigurations = (
				5AFF275D1DDB60F4001CBF95 /* Debug */,
				5AFF275E1DDB60F4001CBF95 /* Release */,
			);
			defaultConfigurationIsVisible = 0;
			defaultConfigurationName = Release;
		};
		5AFF275F1DDB60F4001CBF95 /* Build configuration list for PBXNativeTarget "Pix" */ = {
			isa = XCConfigurationList;
			buildConfigurations = (
				5AFF27601DDB60F4001CBF95 /* Debug */,
				5AFF27611DDB60F4001CBF95 /* Release */,
			);
			defaultConfigurationIsVisible = 0;
			defaultConfigurationName = Release;
		};
/* End XCConfigurationList section */
	};
	rootObject = 5AFF27451DDB60F4001CBF95 /* Project object */;
}
