// !$*UTF8*$!
{
	archiveVersion = 1;
	classes = {
	};
	objectVersion = 46;
	objects = {

/* Begin PBXBuildFile section */
		5A12DFE81DDC9D0900660075 /* friends_icon.png in Resources */ = {isa = PBXBuildFile; fileRef = 5A12DFE71DDC9D0900660075 /* friends_icon.png */; };
		5A12DFEA1DDC9D2100660075 /* Edge of mountain 2.png in Resources */ = {isa = PBXBuildFile; fileRef = 5A12DFE91DDC9D2100660075 /* Edge of mountain 2.png */; };
		5A12DFF01DDCBDD700660075 /* CVCE.swift in Sources */ = {isa = PBXBuildFile; fileRef = 5A12DFEF1DDCBDD700660075 /* CVCE.swift */; };
		5A12DFF21DDCC54900660075 /* Storyboard.storyboard in Resources */ = {isa = PBXBuildFile; fileRef = 5A12DFF11DDCC54900660075 /* Storyboard.storyboard */; };
		5A12DFF41DDCD29D00660075 /* BlankImage.png in Resources */ = {isa = PBXBuildFile; fileRef = 5A12DFF31DDCD29D00660075 /* BlankImage.png */; };
		5A12DFF71DDCE94E00660075 /* LandingViewController.swift in Sources */ = {isa = PBXBuildFile; fileRef = 5A12DFF61DDCE94E00660075 /* LandingViewController.swift */; };
		5A572AE81DDB940F000D2527 /* PostCell.swift in Sources */ = {isa = PBXBuildFile; fileRef = 5A572AE71DDB940F000D2527 /* PostCell.swift */; };
		5AFF27511DDB60F4001CBF95 /* AppDelegate.swift in Sources */ = {isa = PBXBuildFile; fileRef = 5AFF27501DDB60F4001CBF95 /* AppDelegate.swift */; };
		5AFF27581DDB60F4001CBF95 /* Assets.xcassets in Resources */ = {isa = PBXBuildFile; fileRef = 5AFF27571DDB60F4001CBF95 /* Assets.xcassets */; };
		5AFF275B1DDB60F4001CBF95 /* LaunchScreen.storyboard in Resources */ = {isa = PBXBuildFile; fileRef = 5AFF27591DDB60F4001CBF95 /* LaunchScreen.storyboard */; };
		5AFF27631DDB632D001CBF95 /* Home.swift in Sources */ = {isa = PBXBuildFile; fileRef = 5AFF27621DDB632D001CBF95 /* Home.swift */; };
		5AFF27661DDB66C2001CBF95 /* HFCollectionViewController.swift in Sources */ = {isa = PBXBuildFile; fileRef = 5AFF27651DDB66C2001CBF95 /* HFCollectionViewController.swift */; };
		5AFF27691DDB67C1001CBF95 /* Post.swift in Sources */ = {isa = PBXBuildFile; fileRef = 5AFF27681DDB67C1001CBF95 /* Post.swift */; };
		5AFF276C1DDB69AB001CBF95 /* User.swift in Sources */ = {isa = PBXBuildFile; fileRef = 5AFF276B1DDB69AB001CBF95 /* User.swift */; };
		5AFF276F1DDB6FF7001CBF95 /* StringExt.swift in Sources */ = {isa = PBXBuildFile; fileRef = 5AFF276E1DDB6FF7001CBF95 /* StringExt.swift */; };
/* End PBXBuildFile section */

/* Begin PBXFileReference section */
		5A12DFE71DDC9D0900660075 /* friends_icon.png */ = {isa = PBXFileReference; lastKnownFileType = image.png; path = friends_icon.png; sourceTree = "<group>"; };
		5A12DFE91DDC9D2100660075 /* Edge of mountain 2.png */ = {isa = PBXFileReference; lastKnownFileType = image.png; name = "Edge of mountain 2.png"; path = "/Users/adeolauthman/Library/Developer/Xcode/DerivedData/Pix-fxasifqveepilocagonwpmxpulij/Build/Products/Debug-iphoneos/../../../../../../../../Documents/AdeolasCodingStuff/Xcode/Pix/Pix/Edge of mountain 2.png"; sourceTree = "<absolute>"; };
		5A12DFEF1DDCBDD700660075 /* CVCE.swift */ = {isa = PBXFileReference; fileEncoding = 4; lastKnownFileType = sourcecode.swift; path = CVCE.swift; sourceTree = "<group>"; };
		5A12DFF11DDCC54900660075 /* Storyboard.storyboard */ = {isa = PBXFileReference; fileEncoding = 4; lastKnownFileType = file.storyboard; path = Storyboard.storyboard; sourceTree = "<group>"; };
		5A12DFF31DDCD29D00660075 /* BlankImage.png */ = {isa = PBXFileReference; lastKnownFileType = image.png; name = BlankImage.png; path = Pix/BlankImage.png; sourceTree = SOURCE_ROOT; };
		5A12DFF61DDCE94E00660075 /* LandingViewController.swift */ = {isa = PBXFileReference; fileEncoding = 4; lastKnownFileType = sourcecode.swift; path = LandingViewController.swift; sourceTree = "<group>"; };
		5A572AE71DDB940F000D2527 /* PostCell.swift */ = {isa = PBXFileReference; fileEncoding = 4; lastKnownFileType = sourcecode.swift; path = PostCell.swift; sourceTree = "<group>"; };
		5AFF274D1DDB60F4001CBF95 /* Pix.app */ = {isa = PBXFileReference; explicitFileType = wrapper.application; includeInIndex = 0; path = Pix.app; sourceTree = BUILT_PRODUCTS_DIR; };
		5AFF27501DDB60F4001CBF95 /* AppDelegate.swift */ = {isa = PBXFileReference; lastKnownFileType = sourcecode.swift; path = AppDelegate.swift; sourceTree = "<group>"; };
		5AFF27571DDB60F4001CBF95 /* Assets.xcassets */ = {isa = PBXFileReference; lastKnownFileType = folder.assetcatalog; path = Assets.xcassets; sourceTree = "<group>"; };
		5AFF275A1DDB60F4001CBF95 /* Base */ = {isa = PBXFileReference; lastKnownFileType = file.storyboard; name = Base; path = Base.lproj/LaunchScreen.storyboard; sourceTree = "<group>"; };
		5AFF275C1DDB60F4001CBF95 /* Info.plist */ = {isa = PBXFileReference; lastKnownFileType = text.plist.xml; path = Info.plist; sourceTree = "<group>"; };
		5AFF27621DDB632D001CBF95 /* Home.swift */ = {isa = PBXFileReference; fileEncoding = 4; lastKnownFileType = sourcecode.swift; path = Home.swift; sourceTree = "<group>"; };
		5AFF27651DDB66C2001CBF95 /* HFCollectionViewController.swift */ = {isa = PBXFileReference; fileEncoding = 4; lastKnownFileType = sourcecode.swift; path = HFCollectionViewController.swift; sourceTree = "<group>"; };
		5AFF27681DDB67C1001CBF95 /* Post.swift */ = {isa = PBXFileReference; fileEncoding = 4; lastKnownFileType = sourcecode.swift; path = Post.swift; sourceTree = "<group>"; };
		5AFF276B1DDB69AB001CBF95 /* User.swift */ = {isa = PBXFileReference; fileEncoding = 4; lastKnownFileType = sourcecode.swift; path = User.swift; sourceTree = "<group>"; };
		5AFF276E1DDB6FF7001CBF95 /* StringExt.swift */ = {isa = PBXFileReference; fileEncoding = 4; lastKnownFileType = sourcecode.swift; path = StringExt.swift; sourceTree = "<group>"; };
/* End PBXFileReference section */

/* Begin PBXFrameworksBuildPhase section */
		5AFF274A1DDB60F4001CBF95 /* Frameworks */ = {
			isa = PBXFrameworksBuildPhase;
			buildActionMask = 2147483647;
			files = (
			);
			runOnlyForDeploymentPostprocessing = 0;
		};
/* End PBXFrameworksBuildPhase section */

/* Begin PBXGroup section */
		5A12DFE61DDC9CE600660075 /* Images */ = {
			isa = PBXGroup;
			children = (
				5A12DFE91DDC9D2100660075 /* Edge of mountain 2.png */,
				5A12DFF31DDCD29D00660075 /* BlankImage.png */,
				5A12DFE71DDC9D0900660075 /* friends_icon.png */,
			);
			name = Images;
			path = Pix;
			sourceTree = "<group>";
		};
		5A12DFF51DDCE8EB00660075 /* LoginSignUpDirectory */ = {
			isa = PBXGroup;
			children = (
				5A12DFF61DDCE94E00660075 /* LandingViewController.swift */,
			);
			name = LoginSignUpDirectory;
			sourceTree = "<group>";
		};
		5AFF27441DDB60F4001CBF95 = {
			isa = PBXGroup;
			children = (
				5AFF274F1DDB60F4001CBF95 /* Pix */,
				5AFF274E1DDB60F4001CBF95 /* Products */,
				5A12DFE61DDC9CE600660075 /* Images */,
			);
			sourceTree = "<group>";
		};
		5AFF274E1DDB60F4001CBF95 /* Products */ = {
			isa = PBXGroup;
			children = (
				5AFF274D1DDB60F4001CBF95 /* Pix.app */,
			);
			name = Products;
			sourceTree = "<group>";
		};
		5AFF274F1DDB60F4001CBF95 /* Pix */ = {
			isa = PBXGroup;
			children = (
				5A12DFF11DDCC54900660075 /* Storyboard.storyboard */,
				5A12DFEF1DDCBDD700660075 /* CVCE.swift */,
				5AFF27501DDB60F4001CBF95 /* AppDelegate.swift */,
				5AFF276D1DDB6FE6001CBF95 /* Extensions */,
				5AFF276A1DDB6925001CBF95 /* UsersDirectory */,
				5AFF27671DDB67B1001CBF95 /* PostsDirectory */,
				5AFF27641DDB667D001CBF95 /* HomeDirectory */,
				5A12DFF51DDCE8EB00660075 /* LoginSignUpDirectory */,
				5AFF27571DDB60F4001CBF95 /* Assets.xcassets */,
				5AFF27591DDB60F4001CBF95 /* LaunchScreen.storyboard */,
				5AFF275C1DDB60F4001CBF95 /* Info.plist */,
			);
			path = Pix;
			sourceTree = "<group>";
		};
		5AFF27641DDB667D001CBF95 /* HomeDirectory */ = {
			isa = PBXGroup;
			children = (
				5AFF27621DDB632D001CBF95 /* Home.swift */,
				5AFF27651DDB66C2001CBF95 /* HFCollectionViewController.swift */,
			);
			name = HomeDirectory;
			sourceTree = "<group>";
		};
		5AFF27671DDB67B1001CBF95 /* PostsDirectory */ = {
			isa = PBXGroup;
			children = (
				5AFF27681DDB67C1001CBF95 /* Post.swift */,
				5A572AE71DDB940F000D2527 /* PostCell.swift */,
			);
			name = PostsDirectory;
			sourceTree = "<group>";
		};
		5AFF276A1DDB6925001CBF95 /* UsersDirectory */ = {
			isa = PBXGroup;
			children = (
				5AFF276B1DDB69AB001CBF95 /* User.swift */,
			);
			name = UsersDirectory;
			sourceTree = "<group>";
		};
		5AFF276D1DDB6FE6001CBF95 /* Extensions */ = {
			isa = PBXGroup;
			children = (
				5AFF276E1DDB6FF7001CBF95 /* StringExt.swift */,
			);
			name = Extensions;
			sourceTree = "<group>";
		};
/* End PBXGroup section */

/* Begin PBXNativeTarget section */
		5AFF274C1DDB60F4001CBF95 /* Pix */ = {
			isa = PBXNativeTarget;
			buildConfigurationList = 5AFF275F1DDB60F4001CBF95 /* Build configuration list for PBXNativeTarget "Pix" */;
			buildPhases = (
				5AFF27491DDB60F4001CBF95 /* Sources */,
				5AFF274A1DDB60F4001CBF95 /* Frameworks */,
				5AFF274B1DDB60F4001CBF95 /* Resources */,
			);
			buildRules = (
			);
			dependencies = (
			);
			name = Pix;
			productName = Pix;
			productReference = 5AFF274D1DDB60F4001CBF95 /* Pix.app */;
			productType = "com.apple.product-type.application";
		};
/* End PBXNativeTarget section */

/* Begin PBXProject section */
		5AFF27451DDB60F4001CBF95 /* Project object */ = {
			isa = PBXProject;
			attributes = {
				LastSwiftUpdateCheck = 0810;
				LastUpgradeCheck = 0810;
				ORGANIZATIONNAME = "Adeola Uthman";
				TargetAttributes = {
					5AFF274C1DDB60F4001CBF95 = {
						CreatedOnToolsVersion = 8.1;
						DevelopmentTeam = ZNAXL37NHX;
						ProvisioningStyle = Automatic;
					};
				};
			};
			buildConfigurationList = 5AFF27481DDB60F4001CBF95 /* Build configuration list for PBXProject "Pix" */;
			compatibilityVersion = "Xcode 3.2";
			developmentRegion = English;
			hasScannedForEncodings = 0;
			knownRegions = (
				en,
				Base,
			);
			mainGroup = 5AFF27441DDB60F4001CBF95;
			productRefGroup = 5AFF274E1DDB60F4001CBF95 /* Products */;
			projectDirPath = "";
			projectRoot = "";
			targets = (
				5AFF274C1DDB60F4001CBF95 /* Pix */,
			);
		};
/* End PBXProject section */

/* Begin PBXResourcesBuildPhase section */
		5AFF274B1DDB60F4001CBF95 /* Resources */ = {
			isa = PBXResourcesBuildPhase;
			buildActionMask = 2147483647;
			files = (
				5A12DFEA1DDC9D2100660075 /* Edge of mountain 2.png in Resources */,
				5AFF275B1DDB60F4001CBF95 /* LaunchScreen.storyboard in Resources */,
				5A12DFF41DDCD29D00660075 /* BlankImage.png in Resources */,
				5A12DFE81DDC9D0900660075 /* friends_icon.png in Resources */,
				5AFF27581DDB60F4001CBF95 /* Assets.xcassets in Resources */,
				5A12DFF21DDCC54900660075 /* Storyboard.storyboard in Resources */,
			);
			runOnlyForDeploymentPostprocessing = 0;
		};
/* End PBXResourcesBuildPhase section */

/* Begin PBXSourcesBuildPhase section */
		5AFF27491DDB60F4001CBF95 /* Sources */ = {
			isa = PBXSourcesBuildPhase;
			buildActionMask = 2147483647;
			files = (
				5A572AE81DDB940F000D2527 /* PostCell.swift in Sources */,
				5AFF276F1DDB6FF7001CBF95 /* StringExt.swift in Sources */,
				5AFF27631DDB632D001CBF95 /* Home.swift in Sources */,
				5A12DFF01DDCBDD700660075 /* CVCE.swift in Sources */,
				5AFF27661DDB66C2001CBF95 /* HFCollectionViewController.swift in Sources */,
				5AFF27511DDB60F4001CBF95 /* AppDelegate.swift in Sources */,
				5AFF276C1DDB69AB001CBF95 /* User.swift in Sources */,
				5A12DFF71DDCE94E00660075 /* LandingViewController.swift in Sources */,
				5AFF27691DDB67C1001CBF95 /* Post.swift in Sources */,
			);
			runOnlyForDeploymentPostprocessing = 0;
		};
/* End PBXSourcesBuildPhase section */

/* Begin PBXVariantGroup section */
		5AFF27591DDB60F4001CBF95 /* LaunchScreen.storyboard */ = {
			isa = PBXVariantGroup;
			children = (
				5AFF275A1DDB60F4001CBF95 /* Base */,
			);
			name = LaunchScreen.storyboard;
			sourceTree = "<group>";
		};
/* End PBXVariantGroup section */

/* Begin XCBuildConfiguration section */
		5AFF275D1DDB60F4001CBF95 /* Debug */ = {
			isa = XCBuildConfiguration;
			buildSettings = {
				ALWAYS_SEARCH_USER_PATHS = NO;
				CLANG_ANALYZER_NONNULL = YES;
				CLANG_CXX_LANGUAGE_STANDARD = "gnu++0x";
				CLANG_CXX_LIBRARY = "libc++";
				CLANG_ENABLE_MODULES = YES;
				CLANG_ENABLE_OBJC_ARC = YES;
				CLANG_WARN_BOOL_CONVERSION = YES;
				CLANG_WARN_CONSTANT_CONVERSION = YES;
				CLANG_WARN_DIRECT_OBJC_ISA_USAGE = YES_ERROR;
				CLANG_WARN_DOCUMENTATION_COMMENTS = YES;
				CLANG_WARN_EMPTY_BODY = YES;
				CLANG_WARN_ENUM_CONVERSION = YES;
				CLANG_WARN_INFINITE_RECURSION = YES;
				CLANG_WARN_INT_CONVERSION = YES;
				CLANG_WARN_OBJC_ROOT_CLASS = YES_ERROR;
				CLANG_WARN_SUSPICIOUS_MOVES = YES;
				CLANG_WARN_UNREACHABLE_CODE = YES;
				CLANG_WARN__DUPLICATE_METHOD_MATCH = YES;
				"CODE_SIGN_IDENTITY[sdk=iphoneos*]" = "iPhone Developer";
				COPY_PHASE_STRIP = NO;
				DEBUG_INFORMATION_FORMAT = dwarf;
				ENABLE_STRICT_OBJC_MSGSEND = YES;
				ENABLE_TESTABILITY = YES;
				GCC_C_LANGUAGE_STANDARD = gnu99;
				GCC_DYNAMIC_NO_PIC = NO;
				GCC_NO_COMMON_BLOCKS = YES;
				GCC_OPTIMIZATION_LEVEL = 0;
				GCC_PREPROCESSOR_DEFINITIONS = (
					"DEBUG=1",
					"$(inherited)",
				);
				GCC_WARN_64_TO_32_BIT_CONVERSION = YES;
				GCC_WARN_ABOUT_RETURN_TYPE = YES_ERROR;
				GCC_WARN_UNDECLARED_SELECTOR = YES;
				GCC_WARN_UNINITIALIZED_AUTOS = YES_AGGRESSIVE;
				GCC_WARN_UNUSED_FUNCTION = YES;
				GCC_WARN_UNUSED_VARIABLE = YES;
				IPHONEOS_DEPLOYMENT_TARGET = 10.1;
				MTL_ENABLE_DEBUG_INFO = YES;
				ONLY_ACTIVE_ARCH = YES;
				SDKROOT = iphoneos;
				SWIFT_ACTIVE_COMPILATION_CONDITIONS = DEBUG;
				SWIFT_OPTIMIZATION_LEVEL = "-Onone";
				TARGETED_DEVICE_FAMILY = "1,2";
			};
			name = Debug;
		};
		5AFF275E1DDB60F4001CBF95 /* Release */ = {
			isa = XCBuildConfiguration;
			buildSettings = {
				ALWAYS_SEARCH_USER_PATHS = NO;
				CLANG_ANALYZER_NONNULL = YES;
				CLANG_CXX_LANGUAGE_STANDARD = "gnu++0x";
				CLANG_CXX_LIBRARY = "libc++";
				CLANG_ENABLE_MODULES = YES;
				CLANG_ENABLE_OBJC_ARC = YES;
				CLANG_WARN_BOOL_CONVERSION = YES;
				CLANG_WARN_CONSTANT_CONVERSION = YES;
				CLANG_WARN_DIRECT_OBJC_ISA_USAGE = YES_ERROR;
				CLANG_WARN_DOCUMENTATION_COMMENTS = YES;
				CLANG_WARN_EMPTY_BODY = YES;
				CLANG_WARN_ENUM_CONVERSION = YES;
				CLANG_WARN_INFINITE_RECURSION = YES;
				CLANG_WARN_INT_CONVERSION = YES;
				CLANG_WARN_OBJC_ROOT_CLASS = YES_ERROR;
				CLANG_WARN_SUSPICIOUS_MOVES = YES;
				CLANG_WARN_UNREACHABLE_CODE = YES;
				CLANG_WARN__DUPLICATE_METHOD_MATCH = YES;
				"CODE_SIGN_IDENTITY[sdk=iphoneos*]" = "iPhone Developer";
				COPY_PHASE_STRIP = NO;
				DEBUG_INFORMATION_FORMAT = "dwarf-with-dsym";
				ENABLE_NS_ASSERTIONS = NO;
				ENABLE_STRICT_OBJC_MSGSEND = YES;
				GCC_C_LANGUAGE_STANDARD = gnu99;
				GCC_NO_COMMON_BLOCKS = YES;
				GCC_WARN_64_TO_32_BIT_CONVERSION = YES;
				GCC_WARN_ABOUT_RETURN_TYPE = YES_ERROR;
				GCC_WARN_UNDECLARED_SELECTOR = YES;
				GCC_WARN_UNINITIALIZED_AUTOS = YES_AGGRESSIVE;
				GCC_WARN_UNUSED_FUNCTION = YES;
				GCC_WARN_UNUSED_VARIABLE = YES;
				IPHONEOS_DEPLOYMENT_TARGET = 10.1;
				MTL_ENABLE_DEBUG_INFO = NO;
				SDKROOT = iphoneos;
				SWIFT_OPTIMIZATION_LEVEL = "-Owholemodule";
				TARGETED_DEVICE_FAMILY = "1,2";
				VALIDATE_PRODUCT = YES;
			};
			name = Release;
		};
		5AFF27601DDB60F4001CBF95 /* Debug */ = {
			isa = XCBuildConfiguration;
			buildSettings = {
				ASSETCATALOG_COMPILER_APPICON_NAME = AppIcon;
				DEVELOPMENT_TEAM = ZNAXL37NHX;
				INFOPLIST_FILE = Pix/Info.plist;
				IPHONEOS_DEPLOYMENT_TARGET = 9.0;
				LD_RUNPATH_SEARCH_PATHS = "$(inherited) @executable_path/Frameworks";
				PRODUCT_BUNDLE_IDENTIFIER = com.adeolauthman.Pix;
				PRODUCT_NAME = "$(TARGET_NAME)";
				SWIFT_VERSION = 3.0;
			};
			name = Debug;
		};
		5AFF27611DDB60F4001CBF95 /* Release */ = {
			isa = XCBuildConfiguration;
			buildSettings = {
				ASSETCATALOG_COMPILER_APPICON_NAME = AppIcon;
				DEVELOPMENT_TEAM = ZNAXL37NHX;
				INFOPLIST_FILE = Pix/Info.plist;
				IPHONEOS_DEPLOYMENT_TARGET = 9.0;
				LD_RUNPATH_SEARCH_PATHS = "$(inherited) @executable_path/Frameworks";
				PRODUCT_BUNDLE_IDENTIFIER = com.adeolauthman.Pix;
				PRODUCT_NAME = "$(TARGET_NAME)";
				SWIFT_VERSION = 3.0;
			};
			name = Release;
		};
/* End XCBuildConfiguration section */

/* Begin XCConfigurationList section */
		5AFF27481DDB60F4001CBF95 /* Build configuration list for PBXProject "Pix" */ = {
			isa = XCConfigurationList;
			buildConfigurations = (
				5AFF275D1DDB60F4001CBF95 /* Debug */,
				5AFF275E1DDB60F4001CBF95 /* Release */,
			);
			defaultConfigurationIsVisible = 0;
			defaultConfigurationName = Release;
		};
		5AFF275F1DDB60F4001CBF95 /* Build configuration list for PBXNativeTarget "Pix" */ = {
			isa = XCConfigurationList;
			buildConfigurations = (
				5AFF27601DDB60F4001CBF95 /* Debug */,
				5AFF27611DDB60F4001CBF95 /* Release */,
			);
			defaultConfigurationIsVisible = 0;
			defaultConfigurationName = Release;
		};
/* End XCConfigurationList section */
	};
	rootObject = 5AFF27451DDB60F4001CBF95 /* Project object */;
}
